// !$*UTF8*$!
{
	archiveVersion = 1;
	classes = {
	};
	objectVersion = 46;
	objects = {

/* Begin PBXBuildFile section */
		79FE884C18DF8C0700B55A20 /* Foundation.framework in Frameworks */ = {isa = PBXBuildFile; fileRef = 79FE884B18DF8C0700B55A20 /* Foundation.framework */; };
		79FE884E18DF8C0700B55A20 /* CoreGraphics.framework in Frameworks */ = {isa = PBXBuildFile; fileRef = 79FE884D18DF8C0700B55A20 /* CoreGraphics.framework */; };
		79FE885018DF8C0700B55A20 /* UIKit.framework in Frameworks */ = {isa = PBXBuildFile; fileRef = 79FE884F18DF8C0700B55A20 /* UIKit.framework */; };
		79FE885618DF8C0800B55A20 /* InfoPlist.strings in Resources */ = {isa = PBXBuildFile; fileRef = 79FE885418DF8C0800B55A20 /* InfoPlist.strings */; };
		79FE885818DF8C0800B55A20 /* main.m in Sources */ = {isa = PBXBuildFile; fileRef = 79FE885718DF8C0800B55A20 /* main.m */; };
		79FE885C18DF8C0800B55A20 /* TLAppDelegate.m in Sources */ = {isa = PBXBuildFile; fileRef = 79FE885B18DF8C0800B55A20 /* TLAppDelegate.m */; };
		79FE885F18DF8C0800B55A20 /* Main.storyboard in Resources */ = {isa = PBXBuildFile; fileRef = 79FE885D18DF8C0800B55A20 /* Main.storyboard */; };
		79FE886218DF8C0800B55A20 /* TLViewController.m in Sources */ = {isa = PBXBuildFile; fileRef = 79FE886118DF8C0800B55A20 /* TLViewController.m */; };
		79FE886418DF8C0800B55A20 /* Images.xcassets in Resources */ = {isa = PBXBuildFile; fileRef = 79FE886318DF8C0800B55A20 /* Images.xcassets */; };
		79FE886B18DF8C0800B55A20 /* XCTest.framework in Frameworks */ = {isa = PBXBuildFile; fileRef = 79FE886A18DF8C0800B55A20 /* XCTest.framework */; };
		79FE886C18DF8C0800B55A20 /* Foundation.framework in Frameworks */ = {isa = PBXBuildFile; fileRef = 79FE884B18DF8C0700B55A20 /* Foundation.framework */; };
		79FE886D18DF8C0800B55A20 /* UIKit.framework in Frameworks */ = {isa = PBXBuildFile; fileRef = 79FE884F18DF8C0700B55A20 /* UIKit.framework */; };
		79FE887518DF8C0800B55A20 /* InfoPlist.strings in Resources */ = {isa = PBXBuildFile; fileRef = 79FE887318DF8C0800B55A20 /* InfoPlist.strings */; };
		79FE887718DF8C0800B55A20 /* ThirdLimb2Tests.m in Sources */ = {isa = PBXBuildFile; fileRef = 79FE887618DF8C0800B55A20 /* ThirdLimb2Tests.m */; };
/* End PBXBuildFile section */

/* Begin PBXContainerItemProxy section */
		79FE886E18DF8C0800B55A20 /* PBXContainerItemProxy */ = {
			isa = PBXContainerItemProxy;
			containerPortal = 79FE884018DF8C0700B55A20 /* Project object */;
			proxyType = 1;
			remoteGlobalIDString = 79FE884718DF8C0700B55A20;
			remoteInfo = ThirdLimb2;
		};
/* End PBXContainerItemProxy section */

/* Begin PBXFileReference section */
		79FE884818DF8C0700B55A20 /* ThirdLimb2.app */ = {isa = PBXFileReference; explicitFileType = wrapper.application; includeInIndex = 0; path = ThirdLimb2.app; sourceTree = BUILT_PRODUCTS_DIR; };
		79FE884B18DF8C0700B55A20 /* Foundation.framework */ = {isa = PBXFileReference; lastKnownFileType = wrapper.framework; name = Foundation.framework; path = System/Library/Frameworks/Foundation.framework; sourceTree = SDKROOT; };
		79FE884D18DF8C0700B55A20 /* CoreGraphics.framework */ = {isa = PBXFileReference; lastKnownFileType = wrapper.framework; name = CoreGraphics.framework; path = System/Library/Frameworks/CoreGraphics.framework; sourceTree = SDKROOT; };
		79FE884F18DF8C0700B55A20 /* UIKit.framework */ = {isa = PBXFileReference; lastKnownFileType = wrapper.framework; name = UIKit.framework; path = System/Library/Frameworks/UIKit.framework; sourceTree = SDKROOT; };
		79FE885318DF8C0700B55A20 /* ThirdLimb2-Info.plist */ = {isa = PBXFileReference; lastKnownFileType = text.plist.xml; path = "ThirdLimb2-Info.plist"; sourceTree = "<group>"; };
		79FE885518DF8C0800B55A20 /* en */ = {isa = PBXFileReference; lastKnownFileType = text.plist.strings; name = en; path = en.lproj/InfoPlist.strings; sourceTree = "<group>"; };
		79FE885718DF8C0800B55A20 /* main.m */ = {isa = PBXFileReference; lastKnownFileType = sourcecode.c.objc; path = main.m; sourceTree = "<group>"; };
		79FE885918DF8C0800B55A20 /* ThirdLimb2-Prefix.pch */ = {isa = PBXFileReference; lastKnownFileType = sourcecode.c.h; path = "ThirdLimb2-Prefix.pch"; sourceTree = "<group>"; };
		79FE885A18DF8C0800B55A20 /* TLAppDelegate.h */ = {isa = PBXFileReference; lastKnownFileType = sourcecode.c.h; path = TLAppDelegate.h; sourceTree = "<group>"; };
		79FE885B18DF8C0800B55A20 /* TLAppDelegate.m */ = {isa = PBXFileReference; lastKnownFileType = sourcecode.c.objc; path = TLAppDelegate.m; sourceTree = "<group>"; };
		79FE885E18DF8C0800B55A20 /* Base */ = {isa = PBXFileReference; lastKnownFileType = file.storyboard; name = Base; path = Base.lproj/Main.storyboard; sourceTree = "<group>"; };
		79FE886018DF8C0800B55A20 /* TLViewController.h */ = {isa = PBXFileReference; lastKnownFileType = sourcecode.c.h; path = TLViewController.h; sourceTree = "<group>"; };
		79FE886118DF8C0800B55A20 /* TLViewController.m */ = {isa = PBXFileReference; lastKnownFileType = sourcecode.c.objc; path = TLViewController.m; sourceTree = "<group>"; };
		79FE886318DF8C0800B55A20 /* Images.xcassets */ = {isa = PBXFileReference; lastKnownFileType = folder.assetcatalog; path = Images.xcassets; sourceTree = "<group>"; };
		79FE886918DF8C0800B55A20 /* ThirdLimb2Tests.xctest */ = {isa = PBXFileReference; explicitFileType = wrapper.cfbundle; includeInIndex = 0; path = ThirdLimb2Tests.xctest; sourceTree = BUILT_PRODUCTS_DIR; };
		79FE886A18DF8C0800B55A20 /* XCTest.framework */ = {isa = PBXFileReference; lastKnownFileType = wrapper.framework; name = XCTest.framework; path = Library/Frameworks/XCTest.framework; sourceTree = DEVELOPER_DIR; };
		79FE887218DF8C0800B55A20 /* ThirdLimb2Tests-Info.plist */ = {isa = PBXFileReference; lastKnownFileType = text.plist.xml; path = "ThirdLimb2Tests-Info.plist"; sourceTree = "<group>"; };
		79FE887418DF8C0800B55A20 /* en */ = {isa = PBXFileReference; lastKnownFileType = text.plist.strings; name = en; path = en.lproj/InfoPlist.strings; sourceTree = "<group>"; };
		79FE887618DF8C0800B55A20 /* ThirdLimb2Tests.m */ = {isa = PBXFileReference; lastKnownFileType = sourcecode.c.objc; path = ThirdLimb2Tests.m; sourceTree = "<group>"; };
/* End PBXFileReference section */

/* Begin PBXFrameworksBuildPhase section */
		79FE884518DF8C0700B55A20 /* Frameworks */ = {
			isa = PBXFrameworksBuildPhase;
			buildActionMask = 2147483647;
			files = (
				79FE884E18DF8C0700B55A20 /* CoreGraphics.framework in Frameworks */,
				79FE885018DF8C0700B55A20 /* UIKit.framework in Frameworks */,
				79FE884C18DF8C0700B55A20 /* Foundation.framework in Frameworks */,
			);
			runOnlyForDeploymentPostprocessing = 0;
		};
		79FE886618DF8C0800B55A20 /* Frameworks */ = {
			isa = PBXFrameworksBuildPhase;
			buildActionMask = 2147483647;
			files = (
				79FE886B18DF8C0800B55A20 /* XCTest.framework in Frameworks */,
				79FE886D18DF8C0800B55A20 /* UIKit.framework in Frameworks */,
				79FE886C18DF8C0800B55A20 /* Foundation.framework in Frameworks */,
			);
			runOnlyForDeploymentPostprocessing = 0;
		};
/* End PBXFrameworksBuildPhase section */

/* Begin PBXGroup section */
		79FE883F18DF8C0700B55A20 = {
			isa = PBXGroup;
			children = (
				79FE885118DF8C0700B55A20 /* ThirdLimb2 */,
				79FE887018DF8C0800B55A20 /* ThirdLimb2Tests */,
				79FE884A18DF8C0700B55A20 /* Frameworks */,
				79FE884918DF8C0700B55A20 /* Products */,
			);
			sourceTree = "<group>";
		};
		79FE884918DF8C0700B55A20 /* Products */ = {
			isa = PBXGroup;
			children = (
				79FE884818DF8C0700B55A20 /* ThirdLimb2.app */,
				79FE886918DF8C0800B55A20 /* ThirdLimb2Tests.xctest */,
			);
			name = Products;
			sourceTree = "<group>";
		};
		79FE884A18DF8C0700B55A20 /* Frameworks */ = {
			isa = PBXGroup;
			children = (
				79FE884B18DF8C0700B55A20 /* Foundation.framework */,
				79FE884D18DF8C0700B55A20 /* CoreGraphics.framework */,
				79FE884F18DF8C0700B55A20 /* UIKit.framework */,
				79FE886A18DF8C0800B55A20 /* XCTest.framework */,
			);
			name = Frameworks;
			sourceTree = "<group>";
		};
		79FE885118DF8C0700B55A20 /* ThirdLimb2 */ = {
			isa = PBXGroup;
			children = (
				79FE885A18DF8C0800B55A20 /* TLAppDelegate.h */,
				79FE885B18DF8C0800B55A20 /* TLAppDelegate.m */,
				79FE885D18DF8C0800B55A20 /* Main.storyboard */,
				79FE886018DF8C0800B55A20 /* TLViewController.h */,
				79FE886118DF8C0800B55A20 /* TLViewController.m */,
				79FE886318DF8C0800B55A20 /* Images.xcassets */,
				79FE885218DF8C0700B55A20 /* Supporting Files */,
			);
			path = ThirdLimb2;
			sourceTree = "<group>";
		};
		79FE885218DF8C0700B55A20 /* Supporting Files */ = {
			isa = PBXGroup;
			children = (
				79FE885318DF8C0700B55A20 /* ThirdLimb2-Info.plist */,
				79FE885418DF8C0800B55A20 /* InfoPlist.strings */,
				79FE885718DF8C0800B55A20 /* main.m */,
				79FE885918DF8C0800B55A20 /* ThirdLimb2-Prefix.pch */,
			);
			name = "Supporting Files";
			sourceTree = "<group>";
		};
		79FE887018DF8C0800B55A20 /* ThirdLimb2Tests */ = {
			isa = PBXGroup;
			children = (
				79FE887618DF8C0800B55A20 /* ThirdLimb2Tests.m */,
				79FE887118DF8C0800B55A20 /* Supporting Files */,
			);
			path = ThirdLimb2Tests;
			sourceTree = "<group>";
		};
		79FE887118DF8C0800B55A20 /* Supporting Files */ = {
			isa = PBXGroup;
			children = (
				79FE887218DF8C0800B55A20 /* ThirdLimb2Tests-Info.plist */,
				79FE887318DF8C0800B55A20 /* InfoPlist.strings */,
			);
			name = "Supporting Files";
			sourceTree = "<group>";
		};
/* End PBXGroup section */

/* Begin PBXNativeTarget section */
		79FE884718DF8C0700B55A20 /* ThirdLimb2 */ = {
			isa = PBXNativeTarget;
			buildConfigurationList = 79FE887A18DF8C0800B55A20 /* Build configuration list for PBXNativeTarget "ThirdLimb2" */;
			buildPhases = (
				79FE884418DF8C0700B55A20 /* Sources */,
				79FE884518DF8C0700B55A20 /* Frameworks */,
				79FE884618DF8C0700B55A20 /* Resources */,
			);
			buildRules = (
			);
			dependencies = (
			);
			name = ThirdLimb2;
			productName = ThirdLimb2;
			productReference = 79FE884818DF8C0700B55A20 /* ThirdLimb2.app */;
			productType = "com.apple.product-type.application";
		};
		79FE886818DF8C0800B55A20 /* ThirdLimb2Tests */ = {
			isa = PBXNativeTarget;
			buildConfigurationList = 79FE887D18DF8C0800B55A20 /* Build configuration list for PBXNativeTarget "ThirdLimb2Tests" */;
			buildPhases = (
				79FE886518DF8C0800B55A20 /* Sources */,
				79FE886618DF8C0800B55A20 /* Frameworks */,
				79FE886718DF8C0800B55A20 /* Resources */,
			);
			buildRules = (
			);
			dependencies = (
				79FE886F18DF8C0800B55A20 /* PBXTargetDependency */,
			);
			name = ThirdLimb2Tests;
			productName = ThirdLimb2Tests;
			productReference = 79FE886918DF8C0800B55A20 /* ThirdLimb2Tests.xctest */;
			productType = "com.apple.product-type.bundle.unit-test";
		};
/* End PBXNativeTarget section */

/* Begin PBXProject section */
		79FE884018DF8C0700B55A20 /* Project object */ = {
			isa = PBXProject;
			attributes = {
				CLASSPREFIX = TL;
				LastUpgradeCheck = 0510;
				ORGANIZATIONNAME = "Motu Presse";
				TargetAttributes = {
					79FE886818DF8C0800B55A20 = {
						TestTargetID = 79FE884718DF8C0700B55A20;
					};
				};
			};
			buildConfigurationList = 79FE884318DF8C0700B55A20 /* Build configuration list for PBXProject "ThirdLimb2" */;
			compatibilityVersion = "Xcode 3.2";
			developmentRegion = English;
			hasScannedForEncodings = 0;
			knownRegions = (
				en,
				Base,
			);
			mainGroup = 79FE883F18DF8C0700B55A20;
			productRefGroup = 79FE884918DF8C0700B55A20 /* Products */;
			projectDirPath = "";
			projectRoot = "";
			targets = (
				79FE884718DF8C0700B55A20 /* ThirdLimb2 */,
				79FE886818DF8C0800B55A20 /* ThirdLimb2Tests */,
			);
		};
/* End PBXProject section */

/* Begin PBXResourcesBuildPhase section */
		79FE884618DF8C0700B55A20 /* Resources */ = {
			isa = PBXResourcesBuildPhase;
			buildActionMask = 2147483647;
			files = (
				79FE886418DF8C0800B55A20 /* Images.xcassets in Resources */,
				79FE885618DF8C0800B55A20 /* InfoPlist.strings in Resources */,
				79FE885F18DF8C0800B55A20 /* Main.storyboard in Resources */,
			);
			runOnlyForDeploymentPostprocessing = 0;
		};
		79FE886718DF8C0800B55A20 /* Resources */ = {
			isa = PBXResourcesBuildPhase;
			buildActionMask = 2147483647;
			files = (
				79FE887518DF8C0800B55A20 /* InfoPlist.strings in Resources */,
			);
			runOnlyForDeploymentPostprocessing = 0;
		};
/* End PBXResourcesBuildPhase section */

/* Begin PBXSourcesBuildPhase section */
		79FE884418DF8C0700B55A20 /* Sources */ = {
			isa = PBXSourcesBuildPhase;
			buildActionMask = 2147483647;
			files = (
				79FE886218DF8C0800B55A20 /* TLViewController.m in Sources */,
				79FE885C18DF8C0800B55A20 /* TLAppDelegate.m in Sources */,
				79FE885818DF8C0800B55A20 /* main.m in Sources */,
			);
			runOnlyForDeploymentPostprocessing = 0;
		};
		79FE886518DF8C0800B55A20 /* Sources */ = {
			isa = PBXSourcesBuildPhase;
			buildActionMask = 2147483647;
			files = (
				79FE887718DF8C0800B55A20 /* ThirdLimb2Tests.m in Sources */,
			);
			runOnlyForDeploymentPostprocessing = 0;
		};
/* End PBXSourcesBuildPhase section */

/* Begin PBXTargetDependency section */
		79FE886F18DF8C0800B55A20 /* PBXTargetDependency */ = {
			isa = PBXTargetDependency;
			target = 79FE884718DF8C0700B55A20 /* ThirdLimb2 */;
			targetProxy = 79FE886E18DF8C0800B55A20 /* PBXContainerItemProxy */;
		};
/* End PBXTargetDependency section */

/* Begin PBXVariantGroup section */
		79FE885418DF8C0800B55A20 /* InfoPlist.strings */ = {
			isa = PBXVariantGroup;
			children = (
				79FE885518DF8C0800B55A20 /* en */,
			);
			name = InfoPlist.strings;
			sourceTree = "<group>";
		};
		79FE885D18DF8C0800B55A20 /* Main.storyboard */ = {
			isa = PBXVariantGroup;
			children = (
				79FE885E18DF8C0800B55A20 /* Base */,
			);
			name = Main.storyboard;
			sourceTree = "<group>";
		};
		79FE887318DF8C0800B55A20 /* InfoPlist.strings */ = {
			isa = PBXVariantGroup;
			children = (
				79FE887418DF8C0800B55A20 /* en */,
			);
			name = InfoPlist.strings;
			sourceTree = "<group>";
		};
/* End PBXVariantGroup section */

/* Begin XCBuildConfiguration section */
		79FE887818DF8C0800B55A20 /* Debug */ = {
			isa = XCBuildConfiguration;
			buildSettings = {
				ALWAYS_SEARCH_USER_PATHS = NO;
				CLANG_CXX_LANGUAGE_STANDARD = "gnu++0x";
				CLANG_CXX_LIBRARY = "libc++";
				CLANG_ENABLE_MODULES = YES;
				CLANG_ENABLE_OBJC_ARC = YES;
				CLANG_WARN_BOOL_CONVERSION = YES;
				CLANG_WARN_CONSTANT_CONVERSION = YES;
				CLANG_WARN_DIRECT_OBJC_ISA_USAGE = YES_ERROR;
				CLANG_WARN_EMPTY_BODY = YES;
				CLANG_WARN_ENUM_CONVERSION = YES;
				CLANG_WARN_INT_CONVERSION = YES;
				CLANG_WARN_OBJC_ROOT_CLASS = YES_ERROR;
				CLANG_WARN__DUPLICATE_METHOD_MATCH = YES;
				"CODE_SIGN_IDENTITY[sdk=iphoneos*]" = "iPhone Developer";
				COPY_PHASE_STRIP = NO;
				GCC_C_LANGUAGE_STANDARD = gnu99;
				GCC_DYNAMIC_NO_PIC = NO;
				GCC_OPTIMIZATION_LEVEL = 0;
				GCC_PREPROCESSOR_DEFINITIONS = (
					"DEBUG=1",
					"$(inherited)",
				);
				GCC_SYMBOLS_PRIVATE_EXTERN = NO;
				GCC_WARN_64_TO_32_BIT_CONVERSION = YES;
				GCC_WARN_ABOUT_RETURN_TYPE = YES_ERROR;
				GCC_WARN_UNDECLARED_SELECTOR = YES;
				GCC_WARN_UNINITIALIZED_AUTOS = YES_AGGRESSIVE;
				GCC_WARN_UNUSED_FUNCTION = YES;
				GCC_WARN_UNUSED_VARIABLE = YES;
				IPHONEOS_DEPLOYMENT_TARGET = 7.1;
				ONLY_ACTIVE_ARCH = YES;
				SDKROOT = iphoneos;
				TARGETED_DEVICE_FAMILY = 2;
			};
			name = Debug;
		};
		79FE887918DF8C0800B55A20 /* Release */ = {
			isa = XCBuildConfiguration;
			buildSettings = {
				ALWAYS_SEARCH_USER_PATHS = NO;
				CLANG_CXX_LANGUAGE_STANDARD = "gnu++0x";
				CLANG_CXX_LIBRARY = "libc++";
				CLANG_ENABLE_MODULES = YES;
				CLANG_ENABLE_OBJC_ARC = YES;
				CLANG_WARN_BOOL_CONVERSION = YES;
				CLANG_WARN_CONSTANT_CONVERSION = YES;
				CLANG_WARN_DIRECT_OBJC_ISA_USAGE = YES_ERROR;
				CLANG_WARN_EMPTY_BODY = YES;
				CLANG_WARN_ENUM_CONVERSION = YES;
				CLANG_WARN_INT_CONVERSION = YES;
				CLANG_WARN_OBJC_ROOT_CLASS = YES_ERROR;
				CLANG_WARN__DUPLICATE_METHOD_MATCH = YES;
				"CODE_SIGN_IDENTITY[sdk=iphoneos*]" = "iPhone Developer";
				COPY_PHASE_STRIP = YES;
				ENABLE_NS_ASSERTIONS = NO;
				GCC_C_LANGUAGE_STANDARD = gnu99;
				GCC_WARN_64_TO_32_BIT_CONVERSION = YES;
				GCC_WARN_ABOUT_RETURN_TYPE = YES_ERROR;
				GCC_WARN_UNDECLARED_SELECTOR = YES;
				GCC_WARN_UNINITIALIZED_AUTOS = YES_AGGRESSIVE;
				GCC_WARN_UNUSED_FUNCTION = YES;
				GCC_WARN_UNUSED_VARIABLE = YES;
				IPHONEOS_DEPLOYMENT_TARGET = 7.1;
				SDKROOT = iphoneos;
				TARGETED_DEVICE_FAMILY = 2;
				VALIDATE_PRODUCT = YES;
			};
			name = Release;
		};
		79FE887B18DF8C0800B55A20 /* Debug */ = {
			isa = XCBuildConfiguration;
			buildSettings = {
				ASSETCATALOG_COMPILER_APPICON_NAME = AppIcon;
				ASSETCATALOG_COMPILER_LAUNCHIMAGE_NAME = LaunchImage;
				GCC_PRECOMPILE_PREFIX_HEADER = YES;
				GCC_PREFIX_HEADER = "ThirdLimb2/ThirdLimb2-Prefix.pch";
				INFOPLIST_FILE = "ThirdLimb2/ThirdLimb2-Info.plist";
				PRODUCT_NAME = "$(TARGET_NAME)";
				WRAPPER_EXTENSION = app;
			};
			name = Debug;
		};
		79FE887C18DF8C0800B55A20 /* Release */ = {
			isa = XCBuildConfiguration;
			buildSettings = {
				ASSETCATALOG_COMPILER_APPICON_NAME = AppIcon;
				ASSETCATALOG_COMPILER_LAUNCHIMAGE_NAME = LaunchImage;
				GCC_PRECOMPILE_PREFIX_HEADER = YES;
				GCC_PREFIX_HEADER = "ThirdLimb2/ThirdLimb2-Prefix.pch";
				INFOPLIST_FILE = "ThirdLimb2/ThirdLimb2-Info.plist";
				PRODUCT_NAME = "$(TARGET_NAME)";
				WRAPPER_EXTENSION = app;
			};
			name = Release;
		};
		79FE887E18DF8C0800B55A20 /* Debug */ = {
			isa = XCBuildConfiguration;
			buildSettings = {
				BUNDLE_LOADER = "$(BUILT_PRODUCTS_DIR)/ThirdLimb2.app/ThirdLimb2";
				FRAMEWORK_SEARCH_PATHS = (
					"$(SDKROOT)/Developer/Library/Frameworks",
					"$(inherited)",
					"$(DEVELOPER_FRAMEWORKS_DIR)",
				);
				GCC_PRECOMPILE_PREFIX_HEADER = YES;
				GCC_PREFIX_HEADER = "ThirdLimb2/ThirdLimb2-Prefix.pch";
				GCC_PREPROCESSOR_DEFINITIONS = (
					"DEBUG=1",
					"$(inherited)",
				);
				INFOPLIST_FILE = "ThirdLimb2Tests/ThirdLimb2Tests-Info.plist";
				PRODUCT_NAME = "$(TARGET_NAME)";
				TEST_HOST = "$(BUNDLE_LOADER)";
				WRAPPER_EXTENSION = xctest;
			};
			name = Debug;
		};
		79FE887F18DF8C0800B55A20 /* Release */ = {
			isa = XCBuildConfiguration;
			buildSettings = {
				BUNDLE_LOADER = "$(BUILT_PRODUCTS_DIR)/ThirdLimb2.app/ThirdLimb2";
				FRAMEWORK_SEARCH_PATHS = (
					"$(SDKROOT)/Developer/Library/Frameworks",
					"$(inherited)",
					"$(DEVELOPER_FRAMEWORKS_DIR)",
				);
				GCC_PRECOMPILE_PREFIX_HEADER = YES;
				GCC_PREFIX_HEADER = "ThirdLimb2/ThirdLimb2-Prefix.pch";
				INFOPLIST_FILE = "ThirdLimb2Tests/ThirdLimb2Tests-Info.plist";
				PRODUCT_NAME = "$(TARGET_NAME)";
				TEST_HOST = "$(BUNDLE_LOADER)";
				WRAPPER_EXTENSION = xctest;
			};
			name = Release;
		};
/* End XCBuildConfiguration section */

/* Begin XCConfigurationList section */
		79FE884318DF8C0700B55A20 /* Build configuration list for PBXProject "ThirdLimb2" */ = {
			isa = XCConfigurationList;
			buildConfigurations = (
				79FE887818DF8C0800B55A20 /* Debug */,
				79FE887918DF8C0800B55A20 /* Release */,
			);
			defaultConfigurationIsVisible = 0;
			defaultConfigurationName = Release;
		};
		79FE887A18DF8C0800B55A20 /* Build configuration list for PBXNativeTarget "ThirdLimb2" */ = {
			isa = XCConfigurationList;
			buildConfigurations = (
				79FE887B18DF8C0800B55A20 /* Debug */,
				79FE887C18DF8C0800B55A20 /* Release */,
			);
			defaultConfigurationIsVisible = 0;
		};
		79FE887D18DF8C0800B55A20 /* Build configuration list for PBXNativeTarget "ThirdLimb2Tests" */ = {
			isa = XCConfigurationList;
			buildConfigurations = (
				79FE887E18DF8C0800B55A20 /* Debug */,
				79FE887F18DF8C0800B55A20 /* Release */,
			);
			defaultConfigurationIsVisible = 0;
		};
/* End XCConfigurationList section */
	};
	rootObject = 79FE884018DF8C0700B55A20 /* Project object */;
}
